
Microsoft Visual Studio Solution File, Format Version 12.00
# Visual Studio Version 17
VisualStudioVersion = 17.13.36105.23
MinimumVisualStudioVersion = 10.0.40219.1
Project("{2150E333-8FDC-42A3-9474-1A3956D46DE8}") = "Core", "Core", "{02EA681E-C7D8-13C7-8484-4AC65E1B71E8}"
EndProject
Project("{FAE04EC0-301F-11D3-BF4B-00C04F79EFBC}") = "IF.ThreadPilot.Core.Domain", "IF.ThreadPilot.Code.Domain\IF.ThreadPilot.Core.Domain.csproj", "{ED088789-111A-4854-91A5-F64D4F82EA07}"
EndProject
Project("{FAE04EC0-301F-11D3-BF4B-00C04F79EFBC}") = "IF.ThreadPilot.Core.Infrastructure", "IF.ThreadPilot.Core.Infrastructure\IF.ThreadPilot.Core.Infrastructure.csproj", "{0BC2A9CF-ED91-4BCD-8CD5-CD700C620434}"
EndProject
Project("{2150E333-8FDC-42A3-9474-1A3956D46DE8}") = "Tests", "Tests", "{A3AFF59A-6B77-4335-A76F-04871C0A8E5A}"
EndProject
Project("{FAE04EC0-301F-11D3-BF4B-00C04F79EFBC}") = "IF.ThreadPilot.Vehicle.API", "IF.ThreadPilot.Vehicle.API\IF.ThreadPilot.Vehicle.API.csproj", "{CFB6FBD9-69DF-4F86-AB0C-D78933400417}"
EndProject
Project("{FAE04EC0-301F-11D3-BF4B-00C04F79EFBC}") = "IF.ThreadPilot.Insurance.API", "IF.ThreadPilot.Insurance.API\IF.ThreadPilot.Insurance.API.csproj", "{128D025F-A47F-4AF9-97A7-82AFED05A5BA}"
EndProject
Project("{FAE04EC0-301F-11D3-BF4B-00C04F79EFBC}") = "IF.ThreadPilot.Vehicle.API.Tests", "IF.ThreadPilot.Vehicle.API.Tests\IF.ThreadPilot.Vehicle.API.Tests.csproj", "{48A09718-54AD-4045-8BE4-DE60F3F08187}"
EndProject
Project("{FAE04EC0-301F-11D3-BF4B-00C04F79EFBC}") = "IF.ThreadPilot.Insurance.API.Tests", "IF.ThreadPilot.Insurance.API.Tests\IF.ThreadPilot.Insurance.API.Tests.csproj", "{7A0D31DF-FB34-4471-B73B-7EA0EBFD4A17}"
EndProject
Project("{FAE04EC0-301F-11D3-BF4B-00C04F79EFBC}") = "IF.ThreadPilot.Base", "IF.ThreadPilot.Base\IF.ThreadPilot.Base.csproj", "{DC82485E-93E5-4700-AC0B-930B09BB7366}"
EndProject
Global
	GlobalSection(SolutionConfigurationPlatforms) = preSolution
		Debug|Any CPU = Debug|Any CPU
		Release|Any CPU = Release|Any CPU
	EndGlobalSection
	GlobalSection(ProjectConfigurationPlatforms) = postSolution
		{ED088789-111A-4854-91A5-F64D4F82EA07}.Debug|Any CPU.ActiveCfg = Debug|Any CPU
		{ED088789-111A-4854-91A5-F64D4F82EA07}.Debug|Any CPU.Build.0 = Debug|Any CPU
		{ED088789-111A-4854-91A5-F64D4F82EA07}.Release|Any CPU.ActiveCfg = Release|Any CPU
		{ED088789-111A-4854-91A5-F64D4F82EA07}.Release|Any CPU.Build.0 = Release|Any CPU
		{0BC2A9CF-ED91-4BCD-8CD5-CD700C620434}.Debug|Any CPU.ActiveCfg = Debug|Any CPU
		{0BC2A9CF-ED91-4BCD-8CD5-CD700C620434}.Debug|Any CPU.Build.0 = Debug|Any CPU
		{0BC2A9CF-ED91-4BCD-8CD5-CD700C620434}.Release|Any CPU.ActiveCfg = Release|Any CPU
		{0BC2A9CF-ED91-4BCD-8CD5-CD700C620434}.Release|Any CPU.Build.0 = Release|Any CPU
		{CFB6FBD9-69DF-4F86-AB0C-D78933400417}.Debug|Any CPU.ActiveCfg = Debug|Any CPU
		{CFB6FBD9-69DF-4F86-AB0C-D78933400417}.Debug|Any CPU.Build.0 = Debug|Any CPU
		{CFB6FBD9-69DF-4F86-AB0C-D78933400417}.Release|Any CPU.ActiveCfg = Release|Any CPU
		{CFB6FBD9-69DF-4F86-AB0C-D78933400417}.Release|Any CPU.Build.0 = Release|Any CPU
		{128D025F-A47F-4AF9-97A7-82AFED05A5BA}.Debug|Any CPU.ActiveCfg = Debug|Any CPU
		{128D025F-A47F-4AF9-97A7-82AFED05A5BA}.Debug|Any CPU.Build.0 = Debug|Any CPU
		{128D025F-A47F-4AF9-97A7-82AFED05A5BA}.Release|Any CPU.ActiveCfg = Release|Any CPU
		{128D025F-A47F-4AF9-97A7-82AFED05A5BA}.Release|Any CPU.Build.0 = Release|Any CPU
		{48A09718-54AD-4045-8BE4-DE60F3F08187}.Debug|Any CPU.ActiveCfg = Debug|Any CPU
		{48A09718-54AD-4045-8BE4-DE60F3F08187}.Debug|Any CPU.Build.0 = Debug|Any CPU
		{48A09718-54AD-4045-8BE4-DE60F3F08187}.Release|Any CPU.ActiveCfg = Release|Any CPU
		{48A09718-54AD-4045-8BE4-DE60F3F08187}.Release|Any CPU.Build.0 = Release|Any CPU
		{7A0D31DF-FB34-4471-B73B-7EA0EBFD4A17}.Debug|Any CPU.ActiveCfg = Debug|Any CPU
		{7A0D31DF-FB34-4471-B73B-7EA0EBFD4A17}.Debug|Any CPU.Build.0 = Debug|Any CPU
		{7A0D31DF-FB34-4471-B73B-7EA0EBFD4A17}.Release|Any CPU.ActiveCfg = Release|Any CPU
		{7A0D31DF-FB34-4471-B73B-7EA0EBFD4A17}.Release|Any CPU.Build.0 = Release|Any CPU
		{DC82485E-93E5-4700-AC0B-930B09BB7366}.Debug|Any CPU.ActiveCfg = Debug|Any CPU
		{DC82485E-93E5-4700-AC0B-930B09BB7366}.Debug|Any CPU.Build.0 = Debug|Any CPU
		{DC82485E-93E5-4700-AC0B-930B09BB7366}.Release|Any CPU.ActiveCfg = Release|Any CPU
		{DC82485E-93E5-4700-AC0B-930B09BB7366}.Release|Any CPU.Build.0 = Release|Any CPU
	EndGlobalSection
	GlobalSection(SolutionProperties) = preSolution
		HideSolutionNode = FALSE
	EndGlobalSection
	GlobalSection(NestedProjects) = preSolution
		{ED088789-111A-4854-91A5-F64D4F82EA07} = {02EA681E-C7D8-13C7-8484-4AC65E1B71E8}
		{0BC2A9CF-ED91-4BCD-8CD5-CD700C620434} = {02EA681E-C7D8-13C7-8484-4AC65E1B71E8}
		{48A09718-54AD-4045-8BE4-DE60F3F08187} = {A3AFF59A-6B77-4335-A76F-04871C0A8E5A}
		{7A0D31DF-FB34-4471-B73B-7EA0EBFD4A17} = {A3AFF59A-6B77-4335-A76F-04871C0A8E5A}
		{DC82485E-93E5-4700-AC0B-930B09BB7366} = {A3AFF59A-6B77-4335-A76F-04871C0A8E5A}
	EndGlobalSection
	GlobalSection(ExtensibilityGlobals) = postSolution
		SolutionGuid = {6BF7F1DB-E27A-4067-9D44-CC59CF5CEB13}
	EndGlobalSection
EndGlobal
